
Microsoft Visual Studio Solution File, Format Version 12.00
# Visual Studio Version 16
VisualStudioVersion = 16.0.31005.135
MinimumVisualStudioVersion = 10.0.40219.1
Project("{FAE04EC0-301F-11D3-BF4B-00C04F79EFBC}") = "StockManager", "StockManager.csproj", "{BE122A78-8103-4F51-AD76-8060FDF51F0E}"
EndProject
Global
	GlobalSection(SolutionConfigurationPlatforms) = preSolution
		Debug|Any CPU = Debug|Any CPU
		Release|Any CPU = Release|Any CPU
	EndGlobalSection
	GlobalSection(ProjectConfigurationPlatforms) = postSolution
		{BE122A78-8103-4F51-AD76-8060FDF51F0E}.Debug|Any CPU.ActiveCfg = Debug|Any CPU
		{BE122A78-8103-4F51-AD76-8060FDF51F0E}.Debug|Any CPU.Build.0 = Debug|Any CPU
		{BE122A78-8103-4F51-AD76-8060FDF51F0E}.Release|Any CPU.ActiveCfg = Release|Any CPU
		{BE122A78-8103-4F51-AD76-8060FDF51F0E}.Release|Any CPU.Build.0 = Release|Any CPU
	EndGlobalSection
	GlobalSection(SolutionProperties) = preSolution
		HideSolutionNode = FALSE
	EndGlobalSection
	GlobalSection(ExtensibilityGlobals) = postSolution
		SolutionGuid = {34C4ABF2-569C-4A22-AC2C-574D8C9B1013}
	EndGlobalSection
EndGlobal
